
Microsoft Visual Studio Solution File, Format Version 12.00
# Visual Studio Version 17
VisualStudioVersion = 17.14.36414.22 d17.14
MinimumVisualStudioVersion = 10.0.40219.1
Project("{FAE04EC0-301F-11D3-BF4B-00C04F79EFBC}") = "LMS", "LMS.csproj", "{78D991E1-5F12-4582-916F-F6EEBA72C083}"
EndProject
Global
	GlobalSection(SolutionConfigurationPlatforms) = preSolution
		Debug|Any CPU = Debug|Any CPU
		Release|Any CPU = Release|Any CPU
	EndGlobalSection
	GlobalSection(ProjectConfigurationPlatforms) = postSolution
		{78D991E1-5F12-4582-916F-F6EEBA72C083}.Debug|Any CPU.ActiveCfg = Debug|Any CPU
		{78D991E1-5F12-4582-916F-F6EEBA72C083}.Debug|Any CPU.Build.0 = Debug|Any CPU
		{78D991E1-5F12-4582-916F-F6EEBA72C083}.Release|Any CPU.ActiveCfg = Release|Any CPU
		{78D991E1-5F12-4582-916F-F6EEBA72C083}.Release|Any CPU.Build.0 = Release|Any CPU
	EndGlobalSection
	GlobalSection(SolutionProperties) = preSolution
		HideSolutionNode = FALSE
	EndGlobalSection
	GlobalSection(ExtensibilityGlobals) = postSolution
		SolutionGuid = {7104A6AE-4678-4C1E-A091-BBD9D37D931E}
	EndGlobalSection
EndGlobal
